// !$*UTF8*$!
{
	archiveVersion = 1;
	classes = {
	};
	objectVersion = 55;
	objects = {

/* Begin PBXBuildFile section */
		1A2D0247286F9F1A00F273EB /* SwiftUI_AppleApp.swift in Sources */ = {isa = PBXBuildFile; fileRef = 1A2D0246286F9F1A00F273EB /* SwiftUI_AppleApp.swift */; };
		1A2D0249286F9F1A00F273EB /* ContentView.swift in Sources */ = {isa = PBXBuildFile; fileRef = 1A2D0248286F9F1A00F273EB /* ContentView.swift */; };
		1A2D024B286F9F1C00F273EB /* Assets.xcassets in Resources */ = {isa = PBXBuildFile; fileRef = 1A2D024A286F9F1C00F273EB /* Assets.xcassets */; };
		1A2D024E286F9F1C00F273EB /* Preview Assets.xcassets in Resources */ = {isa = PBXBuildFile; fileRef = 1A2D024D286F9F1C00F273EB /* Preview Assets.xcassets */; };
		1A2D0255286FA30200F273EB /* CircleImage.swift in Sources */ = {isa = PBXBuildFile; fileRef = 1A2D0254286FA30200F273EB /* CircleImage.swift */; };
		1A2D0257286FA3DE00F273EB /* MapView.swift in Sources */ = {isa = PBXBuildFile; fileRef = 1A2D0256286FA3DE00F273EB /* MapView.swift */; };
		1A2D02802870DDF100F273EB /* landmarkData.json in Resources */ = {isa = PBXBuildFile; fileRef = 1A2D027F2870DDF100F273EB /* landmarkData.json */; };
		1A2D02822870DE0F00F273EB /* Landmark.swift in Sources */ = {isa = PBXBuildFile; fileRef = 1A2D02812870DE0F00F273EB /* Landmark.swift */; };
		1A2D02842870DE8D00F273EB /* ModelData.swift in Sources */ = {isa = PBXBuildFile; fileRef = 1A2D02832870DE8D00F273EB /* ModelData.swift */; };
		1A2D028B2870E32700F273EB /* LandmarkRow.swift in Sources */ = {isa = PBXBuildFile; fileRef = 1A2D028A2870E32700F273EB /* LandmarkRow.swift */; };
		1A2D028D2870E9EE00F273EB /* LandmarkList.swift in Sources */ = {isa = PBXBuildFile; fileRef = 1A2D028C2870E9EE00F273EB /* LandmarkList.swift */; };
		1A2D028F2870EBDF00F273EB /* LandmarkDetail.swift in Sources */ = {isa = PBXBuildFile; fileRef = 1A2D028E2870EBDF00F273EB /* LandmarkDetail.swift */; };
/* End PBXBuildFile section */

/* Begin PBXFileReference section */
		1A2D0243286F9F1A00F273EB /* SwiftUI Apple.app */ = {isa = PBXFileReference; explicitFileType = wrapper.application; includeInIndex = 0; path = "SwiftUI Apple.app"; sourceTree = BUILT_PRODUCTS_DIR; };
		1A2D0246286F9F1A00F273EB /* SwiftUI_AppleApp.swift */ = {isa = PBXFileReference; lastKnownFileType = sourcecode.swift; path = SwiftUI_AppleApp.swift; sourceTree = "<group>"; };
		1A2D0248286F9F1A00F273EB /* ContentView.swift */ = {isa = PBXFileReference; lastKnownFileType = sourcecode.swift; path = ContentView.swift; sourceTree = "<group>"; };
		1A2D024A286F9F1C00F273EB /* Assets.xcassets */ = {isa = PBXFileReference; lastKnownFileType = folder.assetcatalog; path = Assets.xcassets; sourceTree = "<group>"; };
		1A2D024D286F9F1C00F273EB /* Preview Assets.xcassets */ = {isa = PBXFileReference; lastKnownFileType = folder.assetcatalog; path = "Preview Assets.xcassets"; sourceTree = "<group>"; };
		1A2D0254286FA30200F273EB /* CircleImage.swift */ = {isa = PBXFileReference; lastKnownFileType = sourcecode.swift; path = CircleImage.swift; sourceTree = "<group>"; };
		1A2D0256286FA3DE00F273EB /* MapView.swift */ = {isa = PBXFileReference; lastKnownFileType = sourcecode.swift; path = MapView.swift; sourceTree = "<group>"; };
		1A2D027F2870DDF100F273EB /* landmarkData.json */ = {isa = PBXFileReference; fileEncoding = 4; lastKnownFileType = text.json; path = landmarkData.json; sourceTree = "<group>"; };
		1A2D02812870DE0F00F273EB /* Landmark.swift */ = {isa = PBXFileReference; lastKnownFileType = sourcecode.swift; path = Landmark.swift; sourceTree = "<group>"; };
		1A2D02832870DE8D00F273EB /* ModelData.swift */ = {isa = PBXFileReference; lastKnownFileType = sourcecode.swift; path = ModelData.swift; sourceTree = "<group>"; };
		1A2D028A2870E32700F273EB /* LandmarkRow.swift */ = {isa = PBXFileReference; lastKnownFileType = sourcecode.swift; path = LandmarkRow.swift; sourceTree = "<group>"; };
		1A2D028C2870E9EE00F273EB /* LandmarkList.swift */ = {isa = PBXFileReference; lastKnownFileType = sourcecode.swift; path = LandmarkList.swift; sourceTree = "<group>"; };
		1A2D028E2870EBDF00F273EB /* LandmarkDetail.swift */ = {isa = PBXFileReference; lastKnownFileType = sourcecode.swift; path = LandmarkDetail.swift; sourceTree = "<group>"; };
/* End PBXFileReference section */

/* Begin PBXFrameworksBuildPhase section */
		1A2D0240286F9F1A00F273EB /* Frameworks */ = {
			isa = PBXFrameworksBuildPhase;
			buildActionMask = 2147483647;
			files = (
			);
			runOnlyForDeploymentPostprocessing = 0;
		};
/* End PBXFrameworksBuildPhase section */

/* Begin PBXGroup section */
		1A2D023A286F9F1A00F273EB = {
			isa = PBXGroup;
			children = (
				1A2D0245286F9F1A00F273EB /* SwiftUI Apple */,
				1A2D0244286F9F1A00F273EB /* Products */,
			);
			sourceTree = "<group>";
		};
		1A2D0244286F9F1A00F273EB /* Products */ = {
			isa = PBXGroup;
			children = (
				1A2D0243286F9F1A00F273EB /* SwiftUI Apple.app */,
			);
			name = Products;
			sourceTree = "<group>";
		};
		1A2D0245286F9F1A00F273EB /* SwiftUI Apple */ = {
			isa = PBXGroup;
			children = (
				1A2D0246286F9F1A00F273EB /* SwiftUI_AppleApp.swift */,
				1A2D02852870DF5500F273EB /* View */,
				1A2D02862870DF5C00F273EB /* Model */,
				1A2D02872870DF6D00F273EB /* Resources */,
				1A2D024A286F9F1C00F273EB /* Assets.xcassets */,
				1A2D024C286F9F1C00F273EB /* Preview Content */,
			);
			path = "SwiftUI Apple";
			sourceTree = "<group>";
		};
		1A2D024C286F9F1C00F273EB /* Preview Content */ = {
			isa = PBXGroup;
			children = (
				1A2D024D286F9F1C00F273EB /* Preview Assets.xcassets */,
			);
			path = "Preview Content";
			sourceTree = "<group>";
		};
		1A2D02852870DF5500F273EB /* View */ = {
			isa = PBXGroup;
			children = (
				1A2D0248286F9F1A00F273EB /* ContentView.swift */,
				1A2D0254286FA30200F273EB /* CircleImage.swift */,
				1A2D0256286FA3DE00F273EB /* MapView.swift */,
				1A2D028A2870E32700F273EB /* LandmarkRow.swift */,
				1A2D028C2870E9EE00F273EB /* LandmarkList.swift */,
				1A2D028E2870EBDF00F273EB /* LandmarkDetail.swift */,
			);
			path = View;
			sourceTree = "<group>";
		};
		1A2D02862870DF5C00F273EB /* Model */ = {
			isa = PBXGroup;
			children = (
				1A2D02812870DE0F00F273EB /* Landmark.swift */,
				1A2D02832870DE8D00F273EB /* ModelData.swift */,
			);
			path = Model;
			sourceTree = "<group>";
		};
		1A2D02872870DF6D00F273EB /* Resources */ = {
			isa = PBXGroup;
			children = (
				1A2D027F2870DDF100F273EB /* landmarkData.json */,
			);
			path = Resources;
			sourceTree = "<group>";
		};
/* End PBXGroup section */

/* Begin PBXNativeTarget section */
		1A2D0242286F9F1A00F273EB /* SwiftUI Apple */ = {
			isa = PBXNativeTarget;
			buildConfigurationList = 1A2D0251286F9F1C00F273EB /* Build configuration list for PBXNativeTarget "SwiftUI Apple" */;
			buildPhases = (
				1A2D023F286F9F1A00F273EB /* Sources */,
				1A2D0240286F9F1A00F273EB /* Frameworks */,
				1A2D0241286F9F1A00F273EB /* Resources */,
			);
			buildRules = (
			);
			dependencies = (
			);
			name = "SwiftUI Apple";
			productName = "SwiftUI Apple";
			productReference = 1A2D0243286F9F1A00F273EB /* SwiftUI Apple.app */;
			productType = "com.apple.product-type.application";
		};
/* End PBXNativeTarget section */

/* Begin PBXProject section */
		1A2D023B286F9F1A00F273EB /* Project object */ = {
			isa = PBXProject;
			attributes = {
				BuildIndependentTargetsInParallel = 1;
				LastSwiftUpdateCheck = 1330;
				LastUpgradeCheck = 1330;
				TargetAttributes = {
					1A2D0242286F9F1A00F273EB = {
						CreatedOnToolsVersion = 13.3.1;
					};
				};
			};
			buildConfigurationList = 1A2D023E286F9F1A00F273EB /* Build configuration list for PBXProject "SwiftUI Apple" */;
			compatibilityVersion = "Xcode 13.0";
			developmentRegion = en;
			hasScannedForEncodings = 0;
			knownRegions = (
				en,
				Base,
			);
			mainGroup = 1A2D023A286F9F1A00F273EB;
			productRefGroup = 1A2D0244286F9F1A00F273EB /* Products */;
			projectDirPath = "";
			projectRoot = "";
			targets = (
				1A2D0242286F9F1A00F273EB /* SwiftUI Apple */,
			);
		};
/* End PBXProject section */

/* Begin PBXResourcesBuildPhase section */
		1A2D0241286F9F1A00F273EB /* Resources */ = {
			isa = PBXResourcesBuildPhase;
			buildActionMask = 2147483647;
			files = (
				1A2D024E286F9F1C00F273EB /* Preview Assets.xcassets in Resources */,
				1A2D024B286F9F1C00F273EB /* Assets.xcassets in Resources */,
				1A2D02802870DDF100F273EB /* landmarkData.json in Resources */,
			);
			runOnlyForDeploymentPostprocessing = 0;
		};
/* End PBXResourcesBuildPhase section */

/* Begin PBXSourcesBuildPhase section */
		1A2D023F286F9F1A00F273EB /* Sources */ = {
			isa = PBXSourcesBuildPhase;
			buildActionMask = 2147483647;
			files = (
				1A2D0249286F9F1A00F273EB /* ContentView.swift in Sources */,
				1A2D0257286FA3DE00F273EB /* MapView.swift in Sources */,
				1A2D0247286F9F1A00F273EB /* SwiftUI_AppleApp.swift in Sources */,
				1A2D028D2870E9EE00F273EB /* LandmarkList.swift in Sources */,
				1A2D028F2870EBDF00F273EB /* LandmarkDetail.swift in Sources */,
				1A2D0255286FA30200F273EB /* CircleImage.swift in Sources */,
				1A2D02822870DE0F00F273EB /* Landmark.swift in Sources */,
				1A2D028B2870E32700F273EB /* LandmarkRow.swift in Sources */,
				1A2D02842870DE8D00F273EB /* ModelData.swift in Sources */,
			);
			runOnlyForDeploymentPostprocessing = 0;
		};
/* End PBXSourcesBuildPhase section */

/* Begin XCBuildConfiguration section */
		1A2D024F286F9F1C00F273EB /* Debug */ = {
			isa = XCBuildConfiguration;
			buildSettings = {
				ALWAYS_SEARCH_USER_PATHS = NO;
				CLANG_ANALYZER_NONNULL = YES;
				CLANG_ANALYZER_NUMBER_OBJECT_CONVERSION = YES_AGGRESSIVE;
				CLANG_CXX_LANGUAGE_STANDARD = "gnu++17";
				CLANG_ENABLE_MODULES = YES;
				CLANG_ENABLE_OBJC_ARC = YES;
				CLANG_ENABLE_OBJC_WEAK = YES;
				CLANG_WARN_BLOCK_CAPTURE_AUTORELEASING = YES;
				CLANG_WARN_BOOL_CONVERSION = YES;
				CLANG_WARN_COMMA = YES;
				CLANG_WARN_CONSTANT_CONVERSION = YES;
				CLANG_WARN_DEPRECATED_OBJC_IMPLEMENTATIONS = YES;
				CLANG_WARN_DIRECT_OBJC_ISA_USAGE = YES_ERROR;
				CLANG_WARN_DOCUMENTATION_COMMENTS = YES;
				CLANG_WARN_EMPTY_BODY = YES;
				CLANG_WARN_ENUM_CONVERSION = YES;
				CLANG_WARN_INFINITE_RECURSION = YES;
				CLANG_WARN_INT_CONVERSION = YES;
				CLANG_WARN_NON_LITERAL_NULL_CONVERSION = YES;
				CLANG_WARN_OBJC_IMPLICIT_RETAIN_SELF = YES;
				CLANG_WARN_OBJC_LITERAL_CONVERSION = YES;
				CLANG_WARN_OBJC_ROOT_CLASS = YES_ERROR;
				CLANG_WARN_QUOTED_INCLUDE_IN_FRAMEWORK_HEADER = YES;
				CLANG_WARN_RANGE_LOOP_ANALYSIS = YES;
				CLANG_WARN_STRICT_PROTOTYPES = YES;
				CLANG_WARN_SUSPICIOUS_MOVE = YES;
				CLANG_WARN_UNGUARDED_AVAILABILITY = YES_AGGRESSIVE;
				CLANG_WARN_UNREACHABLE_CODE = YES;
				CLANG_WARN__DUPLICATE_METHOD_MATCH = YES;
				COPY_PHASE_STRIP = NO;
				DEBUG_INFORMATION_FORMAT = dwarf;
				ENABLE_STRICT_OBJC_MSGSEND = YES;
				ENABLE_TESTABILITY = YES;
				GCC_C_LANGUAGE_STANDARD = gnu11;
				GCC_DYNAMIC_NO_PIC = NO;
				GCC_NO_COMMON_BLOCKS = YES;
				GCC_OPTIMIZATION_LEVEL = 0;
				GCC_PREPROCESSOR_DEFINITIONS = (
					"DEBUG=1",
					"$(inherited)",
				);
				GCC_WARN_64_TO_32_BIT_CONVERSION = YES;
				GCC_WARN_ABOUT_RETURN_TYPE = YES_ERROR;
				GCC_WARN_UNDECLARED_SELECTOR = YES;
				GCC_WARN_UNINITIALIZED_AUTOS = YES_AGGRESSIVE;
				GCC_WARN_UNUSED_FUNCTION = YES;
				GCC_WARN_UNUSED_VARIABLE = YES;
				IPHONEOS_DEPLOYMENT_TARGET = 15.4;
				MTL_ENABLE_DEBUG_INFO = INCLUDE_SOURCE;
				MTL_FAST_MATH = YES;
				ONLY_ACTIVE_ARCH = YES;
				SDKROOT = iphoneos;
				SWIFT_ACTIVE_COMPILATION_CONDITIONS = DEBUG;
				SWIFT_OPTIMIZATION_LEVEL = "-Onone";
			};
			name = Debug;
		};
		1A2D0250286F9F1C00F273EB /* Release */ = {
			isa = XCBuildConfiguration;
			buildSettings = {
				ALWAYS_SEARCH_USER_PATHS = NO;
				CLANG_ANALYZER_NONNULL = YES;
				CLANG_ANALYZER_NUMBER_OBJECT_CONVERSION = YES_AGGRESSIVE;
				CLANG_CXX_LANGUAGE_STANDARD = "gnu++17";
				CLANG_ENABLE_MODULES = YES;
				CLANG_ENABLE_OBJC_ARC = YES;
				CLANG_ENABLE_OBJC_WEAK = YES;
				CLANG_WARN_BLOCK_CAPTURE_AUTORELEASING = YES;
				CLANG_WARN_BOOL_CONVERSION = YES;
				CLANG_WARN_COMMA = YES;
				CLANG_WARN_CONSTANT_CONVERSION = YES;
				CLANG_WARN_DEPRECATED_OBJC_IMPLEMENTATIONS = YES;
				CLANG_WARN_DIRECT_OBJC_ISA_USAGE = YES_ERROR;
				CLANG_WARN_DOCUMENTATION_COMMENTS = YES;
				CLANG_WARN_EMPTY_BODY = YES;
				CLANG_WARN_ENUM_CONVERSION = YES;
				CLANG_WARN_INFINITE_RECURSION = YES;
				CLANG_WARN_INT_CONVERSION = YES;
				CLANG_WARN_NON_LITERAL_NULL_CONVERSION = YES;
				CLANG_WARN_OBJC_IMPLICIT_RETAIN_SELF = YES;
				CLANG_WARN_OBJC_LITERAL_CONVERSION = YES;
				CLANG_WARN_OBJC_ROOT_CLASS = YES_ERROR;
				CLANG_WARN_QUOTED_INCLUDE_IN_FRAMEWORK_HEADER = YES;
				CLANG_WARN_RANGE_LOOP_ANALYSIS = YES;
				CLANG_WARN_STRICT_PROTOTYPES = YES;
				CLANG_WARN_SUSPICIOUS_MOVE = YES;
				CLANG_WARN_UNGUARDED_AVAILABILITY = YES_AGGRESSIVE;
				CLANG_WARN_UNREACHABLE_CODE = YES;
				CLANG_WARN__DUPLICATE_METHOD_MATCH = YES;
				COPY_PHASE_STRIP = NO;
				DEBUG_INFORMATION_FORMAT = "dwarf-with-dsym";
				ENABLE_NS_ASSERTIONS = NO;
				ENABLE_STRICT_OBJC_MSGSEND = YES;
				GCC_C_LANGUAGE_STANDARD = gnu11;
				GCC_NO_COMMON_BLOCKS = YES;
				GCC_WARN_64_TO_32_BIT_CONVERSION = YES;
				GCC_WARN_ABOUT_RETURN_TYPE = YES_ERROR;
				GCC_WARN_UNDECLARED_SELECTOR = YES;
				GCC_WARN_UNINITIALIZED_AUTOS = YES_AGGRESSIVE;
				GCC_WARN_UNUSED_FUNCTION = YES;
				GCC_WARN_UNUSED_VARIABLE = YES;
				IPHONEOS_DEPLOYMENT_TARGET = 15.4;
				MTL_ENABLE_DEBUG_INFO = NO;
				MTL_FAST_MATH = YES;
				SDKROOT = iphoneos;
				SWIFT_COMPILATION_MODE = wholemodule;
				SWIFT_OPTIMIZATION_LEVEL = "-O";
				VALIDATE_PRODUCT = YES;
			};
			name = Release;
		};
		1A2D0252286F9F1C00F273EB /* Debug */ = {
			isa = XCBuildConfiguration;
			buildSettings = {
				ASSETCATALOG_COMPILER_APPICON_NAME = AppIcon;
				ASSETCATALOG_COMPILER_GLOBAL_ACCENT_COLOR_NAME = AccentColor;
				CODE_SIGN_STYLE = Automatic;
				CURRENT_PROJECT_VERSION = 1;
				DEVELOPMENT_ASSET_PATHS = "\"SwiftUI Apple/Preview Content\"";
				DEVELOPMENT_TEAM = 5BFVZ4T283;
				ENABLE_PREVIEWS = YES;
				GENERATE_INFOPLIST_FILE = YES;
				INFOPLIST_KEY_UIApplicationSceneManifest_Generation = YES;
				INFOPLIST_KEY_UIApplicationSupportsIndirectInputEvents = YES;
				INFOPLIST_KEY_UILaunchScreen_Generation = YES;
				INFOPLIST_KEY_UISupportedInterfaceOrientations_iPad = "UIInterfaceOrientationPortrait UIInterfaceOrientationPortraitUpsideDown UIInterfaceOrientationLandscapeLeft UIInterfaceOrientationLandscapeRight";
				INFOPLIST_KEY_UISupportedInterfaceOrientations_iPhone = "UIInterfaceOrientationPortrait UIInterfaceOrientationLandscapeLeft UIInterfaceOrientationLandscapeRight";
				LD_RUNPATH_SEARCH_PATHS = (
					"$(inherited)",
					"@executable_path/Frameworks",
				);
				MARKETING_VERSION = 1.0;
				PRODUCT_BUNDLE_IDENTIFIER = "site.immersing.SwiftUI-Apple";
				PRODUCT_NAME = "$(TARGET_NAME)";
				SWIFT_EMIT_LOC_STRINGS = YES;
				SWIFT_VERSION = 5.0;
				TARGETED_DEVICE_FAMILY = "1,2";
			};
			name = Debug;
		};
		1A2D0253286F9F1C00F273EB /* Release */ = {
			isa = XCBuildConfiguration;
			buildSettings = {
				ASSETCATALOG_COMPILER_APPICON_NAME = AppIcon;
				ASSETCATALOG_COMPILER_GLOBAL_ACCENT_COLOR_NAME = AccentColor;
				CODE_SIGN_STYLE = Automatic;
				CURRENT_PROJECT_VERSION = 1;
				DEVELOPMENT_ASSET_PATHS = "\"SwiftUI Apple/Preview Content\"";
				DEVELOPMENT_TEAM = 5BFVZ4T283;
				ENABLE_PREVIEWS = YES;
				GENERATE_INFOPLIST_FILE = YES;
				INFOPLIST_KEY_UIApplicationSceneManifest_Generation = YES;
				INFOPLIST_KEY_UIApplicationSupportsIndirectInputEvents = YES;
				INFOPLIST_KEY_UILaunchScreen_Generation = YES;
				INFOPLIST_KEY_UISupportedInterfaceOrientations_iPad = "UIInterfaceOrientationPortrait UIInterfaceOrientationPortraitUpsideDown UIInterfaceOrientationLandscapeLeft UIInterfaceOrientationLandscapeRight";
				INFOPLIST_KEY_UISupportedInterfaceOrientations_iPhone = "UIInterfaceOrientationPortrait UIInterfaceOrientationLandscapeLeft UIInterfaceOrientationLandscapeRight";
				LD_RUNPATH_SEARCH_PATHS = (
					"$(inherited)",
					"@executable_path/Frameworks",
				);
				MARKETING_VERSION = 1.0;
				PRODUCT_BUNDLE_IDENTIFIER = "site.immersing.SwiftUI-Apple";
				PRODUCT_NAME = "$(TARGET_NAME)";
				SWIFT_EMIT_LOC_STRINGS = YES;
				SWIFT_VERSION = 5.0;
				TARGETED_DEVICE_FAMILY = "1,2";
			};
			name = Release;
		};
/* End XCBuildConfiguration section */

/* Begin XCConfigurationList section */
		1A2D023E286F9F1A00F273EB /* Build configuration list for PBXProject "SwiftUI Apple" */ = {
			isa = XCConfigurationList;
			buildConfigurations = (
				1A2D024F286F9F1C00F273EB /* Debug */,
				1A2D0250286F9F1C00F273EB /* Release */,
			);
			defaultConfigurationIsVisible = 0;
			defaultConfigurationName = Release;
		};
		1A2D0251286F9F1C00F273EB /* Build configuration list for PBXNativeTarget "SwiftUI Apple" */ = {
			isa = XCConfigurationList;
			buildConfigurations = (
				1A2D0252286F9F1C00F273EB /* Debug */,
				1A2D0253286F9F1C00F273EB /* Release */,
			);
			defaultConfigurationIsVisible = 0;
			defaultConfigurationName = Release;
		};
/* End XCConfigurationList section */
	};
	rootObject = 1A2D023B286F9F1A00F273EB /* Project object */;
}
